
Microsoft Visual Studio Solution File, Format Version 12.00
# Visual Studio Version 17
VisualStudioVersion = 17.4.33205.214
MinimumVisualStudioVersion = 10.0.40219.1
Project("{FAE04EC0-301F-11D3-BF4B-00C04F79EFBC}") = "ECommerce_Scarpe", "ECommerce_Scarpe\ECommerce_Scarpe.csproj", "{5B251B81-70DA-4880-B1DA-F777AB278697}"
EndProject
Global
	GlobalSection(SolutionConfigurationPlatforms) = preSolution
		Debug|Any CPU = Debug|Any CPU
		Release|Any CPU = Release|Any CPU
	EndGlobalSection
	GlobalSection(ProjectConfigurationPlatforms) = postSolution
		{5B251B81-70DA-4880-B1DA-F777AB278697}.Debug|Any CPU.ActiveCfg = Debug|Any CPU
		{5B251B81-70DA-4880-B1DA-F777AB278697}.Debug|Any CPU.Build.0 = Debug|Any CPU
		{5B251B81-70DA-4880-B1DA-F777AB278697}.Release|Any CPU.ActiveCfg = Release|Any CPU
		{5B251B81-70DA-4880-B1DA-F777AB278697}.Release|Any CPU.Build.0 = Release|Any CPU
	EndGlobalSection
	GlobalSection(SolutionProperties) = preSolution
		HideSolutionNode = FALSE
	EndGlobalSection
	GlobalSection(ExtensibilityGlobals) = postSolution
		SolutionGuid = {AAC29CF6-7F09-4688-BEF3-4A9B0F27A651}
	EndGlobalSection
EndGlobal
